// !$*UTF8*$!
{
	archiveVersion = 1;
	classes = {
	};
	objectVersion = 46;
	objects = {

/* Begin PBXBuildFile section */
		DEAA2F72200E126800F0BC54 /* AppDelegate.swift in Sources */ = {isa = PBXBuildFile; fileRef = DEAA2F71200E126800F0BC54 /* AppDelegate.swift */; };
		DEAA2F74200E126800F0BC54 /* ViewController.swift in Sources */ = {isa = PBXBuildFile; fileRef = DEAA2F73200E126800F0BC54 /* ViewController.swift */; };
		DEAA2F77200E126800F0BC54 /* Main.storyboard in Resources */ = {isa = PBXBuildFile; fileRef = DEAA2F75200E126800F0BC54 /* Main.storyboard */; };
		DEAA2F79200E126800F0BC54 /* Assets.xcassets in Resources */ = {isa = PBXBuildFile; fileRef = DEAA2F78200E126800F0BC54 /* Assets.xcassets */; };
		DEAA2F7C200E126800F0BC54 /* LaunchScreen.storyboard in Resources */ = {isa = PBXBuildFile; fileRef = DEAA2F7A200E126800F0BC54 /* LaunchScreen.storyboard */; };
		DEAA2F84200E1B6C00F0BC54 /* DogCellTableViewCell.swift in Sources */ = {isa = PBXBuildFile; fileRef = DEAA2F83200E1B6C00F0BC54 /* DogCellTableViewCell.swift */; };
/* End PBXBuildFile section */

/* Begin PBXFileReference section */
		DEAA2F6E200E126800F0BC54 /* Dogs.app */ = {isa = PBXFileReference; explicitFileType = wrapper.application; includeInIndex = 0; path = Dogs.app; sourceTree = BUILT_PRODUCTS_DIR; };
		DEAA2F71200E126800F0BC54 /* AppDelegate.swift */ = {isa = PBXFileReference; lastKnownFileType = sourcecode.swift; path = AppDelegate.swift; sourceTree = "<group>"; };
		DEAA2F73200E126800F0BC54 /* ViewController.swift */ = {isa = PBXFileReference; lastKnownFileType = sourcecode.swift; path = ViewController.swift; sourceTree = "<group>"; };
		DEAA2F76200E126800F0BC54 /* Base */ = {isa = PBXFileReference; lastKnownFileType = file.storyboard; name = Base; path = Base.lproj/Main.storyboard; sourceTree = "<group>"; };
		DEAA2F78200E126800F0BC54 /* Assets.xcassets */ = {isa = PBXFileReference; lastKnownFileType = folder.assetcatalog; path = Assets.xcassets; sourceTree = "<group>"; };
		DEAA2F7B200E126800F0BC54 /* Base */ = {isa = PBXFileReference; lastKnownFileType = file.storyboard; name = Base; path = Base.lproj/LaunchScreen.storyboard; sourceTree = "<group>"; };
		DEAA2F7D200E126800F0BC54 /* Info.plist */ = {isa = PBXFileReference; lastKnownFileType = text.plist.xml; path = Info.plist; sourceTree = "<group>"; };
		DEAA2F83200E1B6C00F0BC54 /* DogCellTableViewCell.swift */ = {isa = PBXFileReference; fileEncoding = 4; lastKnownFileType = sourcecode.swift; path = DogCellTableViewCell.swift; sourceTree = "<group>"; };
/* End PBXFileReference section */

/* Begin PBXFrameworksBuildPhase section */
		DEAA2F6B200E126800F0BC54 /* Frameworks */ = {
			isa = PBXFrameworksBuildPhase;
			buildActionMask = 2147483647;
			files = (
			);
			runOnlyForDeploymentPostprocessing = 0;
		};
/* End PBXFrameworksBuildPhase section */

/* Begin PBXGroup section */
		DEAA2F65200E126800F0BC54 = {
			isa = PBXGroup;
			children = (
				DEAA2F70200E126800F0BC54 /* Dogs */,
				DEAA2F6F200E126800F0BC54 /* Products */,
			);
			sourceTree = "<group>";
		};
		DEAA2F6F200E126800F0BC54 /* Products */ = {
			isa = PBXGroup;
			children = (
				DEAA2F6E200E126800F0BC54 /* Dogs.app */,
			);
			name = Products;
			sourceTree = "<group>";
		};
		DEAA2F70200E126800F0BC54 /* Dogs */ = {
			isa = PBXGroup;
			children = (
				DEAA2F71200E126800F0BC54 /* AppDelegate.swift */,
				DEAA2F73200E126800F0BC54 /* ViewController.swift */,
				DEAA2F75200E126800F0BC54 /* Main.storyboard */,
				DEAA2F78200E126800F0BC54 /* Assets.xcassets */,
				DEAA2F7A200E126800F0BC54 /* LaunchScreen.storyboard */,
				DEAA2F7D200E126800F0BC54 /* Info.plist */,
				DEAA2F83200E1B6C00F0BC54 /* DogCellTableViewCell.swift */,
			);
			path = Dogs;
			sourceTree = "<group>";
		};
/* End PBXGroup section */

/* Begin PBXNativeTarget section */
		DEAA2F6D200E126800F0BC54 /* Dogs */ = {
			isa = PBXNativeTarget;
			buildConfigurationList = DEAA2F80200E126800F0BC54 /* Build configuration list for PBXNativeTarget "Dogs" */;
			buildPhases = (
				DEAA2F6A200E126800F0BC54 /* Sources */,
				DEAA2F6B200E126800F0BC54 /* Frameworks */,
				DEAA2F6C200E126800F0BC54 /* Resources */,
			);
			buildRules = (
			);
			dependencies = (
			);
			name = Dogs;
			productName = Dogs;
			productReference = DEAA2F6E200E126800F0BC54 /* Dogs.app */;
			productType = "com.apple.product-type.application";
		};
/* End PBXNativeTarget section */

/* Begin PBXProject section */
		DEAA2F66200E126800F0BC54 /* Project object */ = {
			isa = PBXProject;
			attributes = {
				LastSwiftUpdateCheck = 0830;
				LastUpgradeCheck = 0830;
				ORGANIZATIONNAME = "Robert Shrestha";
				TargetAttributes = {
					DEAA2F6D200E126800F0BC54 = {
						CreatedOnToolsVersion = 8.3.3;
						DevelopmentTeam = 4U3NF5573C;
						ProvisioningStyle = Automatic;
					};
				};
			};
			buildConfigurationList = DEAA2F69200E126800F0BC54 /* Build configuration list for PBXProject "Dogs" */;
			compatibilityVersion = "Xcode 3.2";
			developmentRegion = English;
			hasScannedForEncodings = 0;
			knownRegions = (
				en,
				Base,
			);
			mainGroup = DEAA2F65200E126800F0BC54;
			productRefGroup = DEAA2F6F200E126800F0BC54 /* Products */;
			projectDirPath = "";
			projectRoot = "";
			targets = (
				DEAA2F6D200E126800F0BC54 /* Dogs */,
			);
		};
/* End PBXProject section */

/* Begin PBXResourcesBuildPhase section */
		DEAA2F6C200E126800F0BC54 /* Resources */ = {
			isa = PBXResourcesBuildPhase;
			buildActionMask = 2147483647;
			files = (
				DEAA2F7C200E126800F0BC54 /* LaunchScreen.storyboard in Resources */,
				DEAA2F79200E126800F0BC54 /* Assets.xcassets in Resources */,
				DEAA2F77200E126800F0BC54 /* Main.storyboard in Resources */,
			);
			runOnlyForDeploymentPostprocessing = 0;
		};
/* End PBXResourcesBuildPhase section */

/* Begin PBXSourcesBuildPhase section */
		DEAA2F6A200E126800F0BC54 /* Sources */ = {
			isa = PBXSourcesBuildPhase;
			buildActionMask = 2147483647;
			files = (
				DEAA2F74200E126800F0BC54 /* ViewController.swift in Sources */,
				DEAA2F84200E1B6C00F0BC54 /* DogCellTableViewCell.swift in Sources */,
				DEAA2F72200E126800F0BC54 /* AppDelegate.swift in Sources */,
			);
			runOnlyForDeploymentPostprocessing = 0;
		};
/* End PBXSourcesBuildPhase section */

/* Begin PBXVariantGroup section */
		DEAA2F75200E126800F0BC54 /* Main.storyboard */ = {
			isa = PBXVariantGroup;
			children = (
				DEAA2F76200E126800F0BC54 /* Base */,
			);
			name = Main.storyboard;
			sourceTree = "<group>";
		};
		DEAA2F7A200E126800F0BC54 /* LaunchScreen.storyboard */ = {
			isa = PBXVariantGroup;
			children = (
				DEAA2F7B200E126800F0BC54 /* Base */,
			);
			name = LaunchScreen.storyboard;
			sourceTree = "<group>";
		};
/* End PBXVariantGroup section */

/* Begin XCBuildConfiguration section */
		DEAA2F7E200E126800F0BC54 /* Debug */ = {
			isa = XCBuildConfiguration;
			buildSettings = {
				ALWAYS_SEARCH_USER_PATHS = NO;
				CLANG_ANALYZER_NONNULL = YES;
				CLANG_ANALYZER_NUMBER_OBJECT_CONVERSION = YES_AGGRESSIVE;
				CLANG_CXX_LANGUAGE_STANDARD = "gnu++0x";
				CLANG_CXX_LIBRARY = "libc++";
				CLANG_ENABLE_MODULES = YES;
				CLANG_ENABLE_OBJC_ARC = YES;
				CLANG_WARN_BOOL_CONVERSION = YES;
				CLANG_WARN_CONSTANT_CONVERSION = YES;
				CLANG_WARN_DIRECT_OBJC_ISA_USAGE = YES_ERROR;
				CLANG_WARN_DOCUMENTATION_COMMENTS = YES;
				CLANG_WARN_EMPTY_BODY = YES;
				CLANG_WARN_ENUM_CONVERSION = YES;
				CLANG_WARN_INFINITE_RECURSION = YES;
				CLANG_WARN_INT_CONVERSION = YES;
				CLANG_WARN_OBJC_ROOT_CLASS = YES_ERROR;
				CLANG_WARN_SUSPICIOUS_MOVE = YES;
				CLANG_WARN_UNREACHABLE_CODE = YES;
				CLANG_WARN__DUPLICATE_METHOD_MATCH = YES;
				"CODE_SIGN_IDENTITY[sdk=iphoneos*]" = "iPhone Developer";
				COPY_PHASE_STRIP = NO;
				DEBUG_INFORMATION_FORMAT = dwarf;
				ENABLE_STRICT_OBJC_MSGSEND = YES;
				ENABLE_TESTABILITY = YES;
				GCC_C_LANGUAGE_STANDARD = gnu99;
				GCC_DYNAMIC_NO_PIC = NO;
				GCC_NO_COMMON_BLOCKS = YES;
				GCC_OPTIMIZATION_LEVEL = 0;
				GCC_PREPROCESSOR_DEFINITIONS = (
					"DEBUG=1",
					"$(inherited)",
				);
				GCC_WARN_64_TO_32_BIT_CONVERSION = YES;
				GCC_WARN_ABOUT_RETURN_TYPE = YES_ERROR;
				GCC_WARN_UNDECLARED_SELECTOR = YES;
				GCC_WARN_UNINITIALIZED_AUTOS = YES_AGGRESSIVE;
				GCC_WARN_UNUSED_FUNCTION = YES;
				GCC_WARN_UNUSED_VARIABLE = YES;
				IPHONEOS_DEPLOYMENT_TARGET = 10.3;
				MTL_ENABLE_DEBUG_INFO = YES;
				ONLY_ACTIVE_ARCH = YES;
				SDKROOT = iphoneos;
				SWIFT_ACTIVE_COMPILATION_CONDITIONS = DEBUG;
				SWIFT_OPTIMIZATION_LEVEL = "-Onone";
				TARGETED_DEVICE_FAMILY = "1,2";
			};
			name = Debug;
		};
		DEAA2F7F200E126800F0BC54 /* Release */ = {
			isa = XCBuildConfiguration;
			buildSettings = {
				ALWAYS_SEARCH_USER_PATHS = NO;
				CLANG_ANALYZER_NONNULL = YES;
				CLANG_ANALYZER_NUMBER_OBJECT_CONVERSION = YES_AGGRESSIVE;
				CLANG_CXX_LANGUAGE_STANDARD = "gnu++0x";
				CLANG_CXX_LIBRARY = "libc++";
				CLANG_ENABLE_MODULES = YES;
				CLANG_ENABLE_OBJC_ARC = YES;
				CLANG_WARN_BOOL_CONVERSION = YES;
				CLANG_WARN_CONSTANT_CONVERSION = YES;
				CLANG_WARN_DIRECT_OBJC_ISA_USAGE = YES_ERROR;
				CLANG_WARN_DOCUMENTATION_COMMENTS = YES;
				CLANG_WARN_EMPTY_BODY = YES;
				CLANG_WARN_ENUM_CONVERSION = YES;
				CLANG_WARN_INFINITE_RECURSION = YES;
				CLANG_WARN_INT_CONVERSION = YES;
				CLANG_WARN_OBJC_ROOT_CLASS = YES_ERROR;
				CLANG_WARN_SUSPICIOUS_MOVE = YES;
				CLANG_WARN_UNREACHABLE_CODE = YES;
				CLANG_WARN__DUPLICATE_METHOD_MATCH = YES;
				"CODE_SIGN_IDENTITY[sdk=iphoneos*]" = "iPhone Developer";
				COPY_PHASE_STRIP = NO;
				DEBUG_INFORMATION_FORMAT = "dwarf-with-dsym";
				ENABLE_NS_ASSERTIONS = NO;
				ENABLE_STRICT_OBJC_MSGSEND = YES;
				GCC_C_LANGUAGE_STANDARD = gnu99;
				GCC_NO_COMMON_BLOCKS = YES;
				GCC_WARN_64_TO_32_BIT_CONVERSION = YES;
				GCC_WARN_ABOUT_RETURN_TYPE = YES_ERROR;
				GCC_WARN_UNDECLARED_SELECTOR = YES;
				GCC_WARN_UNINITIALIZED_AUTOS = YES_AGGRESSIVE;
				GCC_WARN_UNUSED_FUNCTION = YES;
				GCC_WARN_UNUSED_VARIABLE = YES;
				IPHONEOS_DEPLOYMENT_TARGET = 10.3;
				MTL_ENABLE_DEBUG_INFO = NO;
				SDKROOT = iphoneos;
				SWIFT_OPTIMIZATION_LEVEL = "-Owholemodule";
				TARGETED_DEVICE_FAMILY = "1,2";
				VALIDATE_PRODUCT = YES;
			};
			name = Release;
		};
		DEAA2F81200E126800F0BC54 /* Debug */ = {
			isa = XCBuildConfiguration;
			buildSettings = {
				ASSETCATALOG_COMPILER_APPICON_NAME = AppIcon;
				DEVELOPMENT_TEAM = 4U3NF5573C;
				INFOPLIST_FILE = Dogs/Info.plist;
				LD_RUNPATH_SEARCH_PATHS = "$(inherited) @executable_path/Frameworks";
				PRODUCT_BUNDLE_IDENTIFIER = com.robert.Dogs;
				PRODUCT_NAME = "$(TARGET_NAME)";
				SWIFT_VERSION = 3.0;
			};
			name = Debug;
		};
		DEAA2F82200E126800F0BC54 /* Release */ = {
			isa = XCBuildConfiguration;
			buildSettings = {
				ASSETCATALOG_COMPILER_APPICON_NAME = AppIcon;
				DEVELOPMENT_TEAM = 4U3NF5573C;
				INFOPLIST_FILE = Dogs/Info.plist;
				LD_RUNPATH_SEARCH_PATHS = "$(inherited) @executable_path/Frameworks";
				PRODUCT_BUNDLE_IDENTIFIER = com.robert.Dogs;
				PRODUCT_NAME = "$(TARGET_NAME)";
				SWIFT_VERSION = 3.0;
			};
			name = Release;
		};
/* End XCBuildConfiguration section */

/* Begin XCConfigurationList section */
		DEAA2F69200E126800F0BC54 /* Build configuration list for PBXProject "Dogs" */ = {
			isa = XCConfigurationList;
			buildConfigurations = (
				DEAA2F7E200E126800F0BC54 /* Debug */,
				DEAA2F7F200E126800F0BC54 /* Release */,
			);
			defaultConfigurationIsVisible = 0;
			defaultConfigurationName = Release;
		};
		DEAA2F80200E126800F0BC54 /* Build configuration list for PBXNativeTarget "Dogs" */ = {
			isa = XCConfigurationList;
			buildConfigurations = (
				DEAA2F81200E126800F0BC54 /* Debug */,
				DEAA2F82200E126800F0BC54 /* Release */,
			);
			defaultConfigurationIsVisible = 0;
		};
/* End XCConfigurationList section */
	};
	rootObject = DEAA2F66200E126800F0BC54 /* Project object */;
}
